
Microsoft Visual Studio Solution File, Format Version 12.00
# Visual Studio Version 17
VisualStudioVersion = 17.6.33829.357
MinimumVisualStudioVersion = 10.0.40219.1
Project("{9A19103F-16F7-4668-BE54-9A1E7A4F7556}") = "Encounter_notes", "Encounter_notes\Encounter_notes.csproj", "{760BB6F0-9951-45A6-8AA9-A94C0EACE439}"
EndProject
Project("{FAE04EC0-301F-11D3-BF4B-00C04F79EFBC}") = "Patient_Notes", "Patient_Notes\Patient_Notes.csproj", "{C644995B-299E-4DCA-B8F3-A84D69AE0BCC}"
EndProject
Global
	GlobalSection(SolutionConfigurationPlatforms) = preSolution
		Debug|Any CPU = Debug|Any CPU
		Release|Any CPU = Release|Any CPU
	EndGlobalSection
	GlobalSection(ProjectConfigurationPlatforms) = postSolution
		{760BB6F0-9951-45A6-8AA9-A94C0EACE439}.Debug|Any CPU.ActiveCfg = Debug|Any CPU
		{760BB6F0-9951-45A6-8AA9-A94C0EACE439}.Debug|Any CPU.Build.0 = Debug|Any CPU
		{760BB6F0-9951-45A6-8AA9-A94C0EACE439}.Release|Any CPU.ActiveCfg = Release|Any CPU
		{760BB6F0-9951-45A6-8AA9-A94C0EACE439}.Release|Any CPU.Build.0 = Release|Any CPU
		{C644995B-299E-4DCA-B8F3-A84D69AE0BCC}.Debug|Any CPU.ActiveCfg = Debug|Any CPU
		{C644995B-299E-4DCA-B8F3-A84D69AE0BCC}.Debug|Any CPU.Build.0 = Debug|Any CPU
		{C644995B-299E-4DCA-B8F3-A84D69AE0BCC}.Release|Any CPU.ActiveCfg = Release|Any CPU
		{C644995B-299E-4DCA-B8F3-A84D69AE0BCC}.Release|Any CPU.Build.0 = Release|Any CPU
	EndGlobalSection
	GlobalSection(SolutionProperties) = preSolution
		HideSolutionNode = FALSE
	EndGlobalSection
	GlobalSection(ExtensibilityGlobals) = postSolution
		SolutionGuid = {1BBB8D69-648F-438B-A763-6F9232DF7D6E}
	EndGlobalSection
EndGlobal
